
Microsoft Visual Studio Solution File, Format Version 12.00
# Visual Studio Version 16
VisualStudioVersion = 16.0.32413.511
MinimumVisualStudioVersion = 10.0.40219.1
Project("{FAE04EC0-301F-11D3-BF4B-00C04F79EFBC}") = "Experiment", "Experiment\Experiment.csproj", "{C52ADBCE-5194-431F-82FD-7228A292432E}"
EndProject
Global
	GlobalSection(SolutionConfigurationPlatforms) = preSolution
		Debug|Any CPU = Debug|Any CPU
		Release|Any CPU = Release|Any CPU
	EndGlobalSection
	GlobalSection(ProjectConfigurationPlatforms) = postSolution
		{C52ADBCE-5194-431F-82FD-7228A292432E}.Debug|Any CPU.ActiveCfg = Debug|Any CPU
		{C52ADBCE-5194-431F-82FD-7228A292432E}.Debug|Any CPU.Build.0 = Debug|Any CPU
		{C52ADBCE-5194-431F-82FD-7228A292432E}.Release|Any CPU.ActiveCfg = Release|Any CPU
		{C52ADBCE-5194-431F-82FD-7228A292432E}.Release|Any CPU.Build.0 = Release|Any CPU
	EndGlobalSection
	GlobalSection(SolutionProperties) = preSolution
		HideSolutionNode = FALSE
	EndGlobalSection
	GlobalSection(ExtensibilityGlobals) = postSolution
		SolutionGuid = {382CCDA6-2B74-44D9-A9CD-E0FA7D6724A5}
	EndGlobalSection
EndGlobal
